
Microsoft Visual Studio Solution File, Format Version 12.00
# Visual Studio Version 17
VisualStudioVersion = 17.11.35222.181
MinimumVisualStudioVersion = 10.0.40219.1
Project("{2150E333-8FDC-42A3-9474-1A3956D46DE8}") = "src", "src", "{F0C8EE01-F3FB-40FB-B36B-E343DD0E26BB}"
EndProject
Project("{FAE04EC0-301F-11D3-BF4B-00C04F79EFBC}") = "DanGian.Domain", "src\DanGian.Domain\DanGian.Domain.csproj", "{80CEF767-F67B-4A02-B01D-ACE29312B98F}"
EndProject
Project("{FAE04EC0-301F-11D3-BF4B-00C04F79EFBC}") = "DanGian.Application", "src\DanGian.Application\DanGian.Application.csproj", "{9DA31544-6C65-4930-922C-33AD3A73B034}"
EndProject
Project("{FAE04EC0-301F-11D3-BF4B-00C04F79EFBC}") = "DanGian.Infrastructure", "src\DanGian.Infrastructure\DanGian.Infrastructure.csproj", "{78A52A9F-3E77-4D7D-A536-AAF1E7FABD41}"
EndProject
Project("{FAE04EC0-301F-11D3-BF4B-00C04F79EFBC}") = "DanGian.Api", "src\DanGian.Api\DanGian.Api.csproj", "{7646E4D6-4B00-49EA-8DF7-40396BFD8757}"
EndProject
Project("{2150E333-8FDC-42A3-9474-1A3956D46DE8}") = "tests", "tests", "{82A12710-94BF-477C-BFAE-1B93B997F9E9}"
EndProject
Project("{FAE04EC0-301F-11D3-BF4B-00C04F79EFBC}") = "DanGian.UnitTests", "tests\DanGian.UnitTests\DanGian.UnitTests.csproj", "{7B97AFB1-8616-4501-8CCE-A5B1055399A3}"
EndProject
Project("{FAE04EC0-301F-11D3-BF4B-00C04F79EFBC}") = "DanGian.IntegrationTests", "tests\DanGian.IntegrationTests\DanGian.IntegrationTests.csproj", "{F48292EE-6E0F-452E-B546-04F7DA2C512D}"
EndProject
Global
	GlobalSection(SolutionProperties) = preSolution
		HideSolutionNode = FALSE
	EndGlobalSection
	GlobalSection(ExtensibilityGlobals) = postSolution
		SolutionGuid = {8A3D1E7F-2AEE-4AE8-9E8F-89B0801851A1}
	EndGlobalSection
	GlobalSection(SolutionConfigurationPlatforms) = preSolution
		Debug|Any CPU = Debug|Any CPU
		Debug|x64 = Debug|x64
		Debug|x86 = Debug|x86
		Release|Any CPU = Release|Any CPU
		Release|x64 = Release|x64
		Release|x86 = Release|x86
	EndGlobalSection
	GlobalSection(ProjectConfigurationPlatforms) = postSolution
		{80CEF767-F67B-4A02-B01D-ACE29312B98F}.Debug|Any CPU.ActiveCfg = Debug|Any CPU
		{80CEF767-F67B-4A02-B01D-ACE29312B98F}.Debug|Any CPU.Build.0 = Debug|Any CPU
		{80CEF767-F67B-4A02-B01D-ACE29312B98F}.Debug|x64.ActiveCfg = Debug|Any CPU
		{80CEF767-F67B-4A02-B01D-ACE29312B98F}.Debug|x64.Build.0 = Debug|Any CPU
		{80CEF767-F67B-4A02-B01D-ACE29312B98F}.Debug|x86.ActiveCfg = Debug|Any CPU
		{80CEF767-F67B-4A02-B01D-ACE29312B98F}.Debug|x86.Build.0 = Debug|Any CPU
		{80CEF767-F67B-4A02-B01D-ACE29312B98F}.Release|Any CPU.ActiveCfg = Release|Any CPU
		{80CEF767-F67B-4A02-B01D-ACE29312B98F}.Release|Any CPU.Build.0 = Release|Any CPU
		{80CEF767-F67B-4A02-B01D-ACE29312B98F}.Release|x64.ActiveCfg = Release|Any CPU
		{80CEF767-F67B-4A02-B01D-ACE29312B98F}.Release|x64.Build.0 = Release|Any CPU
		{80CEF767-F67B-4A02-B01D-ACE29312B98F}.Release|x86.ActiveCfg = Release|Any CPU
		{80CEF767-F67B-4A02-B01D-ACE29312B98F}.Release|x86.Build.0 = Release|Any CPU
		{9DA31544-6C65-4930-922C-33AD3A73B034}.Debug|Any CPU.ActiveCfg = Debug|Any CPU
		{9DA31544-6C65-4930-922C-33AD3A73B034}.Debug|Any CPU.Build.0 = Debug|Any CPU
		{9DA31544-6C65-4930-922C-33AD3A73B034}.Debug|x64.ActiveCfg = Debug|Any CPU
		{9DA31544-6C65-4930-922C-33AD3A73B034}.Debug|x64.Build.0 = Debug|Any CPU
		{9DA31544-6C65-4930-922C-33AD3A73B034}.Debug|x86.ActiveCfg = Debug|Any CPU
		{9DA31544-6C65-4930-922C-33AD3A73B034}.Debug|x86.Build.0 = Debug|Any CPU
		{9DA31544-6C65-4930-922C-33AD3A73B034}.Release|Any CPU.ActiveCfg = Release|Any CPU
		{9DA31544-6C65-4930-922C-33AD3A73B034}.Release|Any CPU.Build.0 = Release|Any CPU
		{9DA31544-6C65-4930-922C-33AD3A73B034}.Release|x64.ActiveCfg = Release|Any CPU
		{9DA31544-6C65-4930-922C-33AD3A73B034}.Release|x64.Build.0 = Release|Any CPU
		{9DA31544-6C65-4930-922C-33AD3A73B034}.Release|x86.ActiveCfg = Release|Any CPU
		{9DA31544-6C65-4930-922C-33AD3A73B034}.Release|x86.Build.0 = Release|Any CPU
		{78A52A9F-3E77-4D7D-A536-AAF1E7FABD41}.Debug|Any CPU.ActiveCfg = Debug|Any CPU
		{78A52A9F-3E77-4D7D-A536-AAF1E7FABD41}.Debug|Any CPU.Build.0 = Debug|Any CPU
		{78A52A9F-3E77-4D7D-A536-AAF1E7FABD41}.Debug|x64.ActiveCfg = Debug|Any CPU
		{78A52A9F-3E77-4D7D-A536-AAF1E7FABD41}.Debug|x64.Build.0 = Debug|Any CPU
		{78A52A9F-3E77-4D7D-A536-AAF1E7FABD41}.Debug|x86.ActiveCfg = Debug|Any CPU
		{78A52A9F-3E77-4D7D-A536-AAF1E7FABD41}.Debug|x86.Build.0 = Debug|Any CPU
		{78A52A9F-3E77-4D7D-A536-AAF1E7FABD41}.Release|Any CPU.ActiveCfg = Release|Any CPU
		{78A52A9F-3E77-4D7D-A536-AAF1E7FABD41}.Release|Any CPU.Build.0 = Release|Any CPU
		{78A52A9F-3E77-4D7D-A536-AAF1E7FABD41}.Release|x64.ActiveCfg = Release|Any CPU
		{78A52A9F-3E77-4D7D-A536-AAF1E7FABD41}.Release|x64.Build.0 = Release|Any CPU
		{78A52A9F-3E77-4D7D-A536-AAF1E7FABD41}.Release|x86.ActiveCfg = Release|Any CPU
		{78A52A9F-3E77-4D7D-A536-AAF1E7FABD41}.Release|x86.Build.0 = Release|Any CPU
		{7646E4D6-4B00-49EA-8DF7-40396BFD8757}.Debug|Any CPU.ActiveCfg = Debug|Any CPU
		{7646E4D6-4B00-49EA-8DF7-40396BFD8757}.Debug|Any CPU.Build.0 = Debug|Any CPU
		{7646E4D6-4B00-49EA-8DF7-40396BFD8757}.Debug|x64.ActiveCfg = Debug|Any CPU
		{7646E4D6-4B00-49EA-8DF7-40396BFD8757}.Debug|x64.Build.0 = Debug|Any CPU
		{7646E4D6-4B00-49EA-8DF7-40396BFD8757}.Debug|x86.ActiveCfg = Debug|Any CPU
		{7646E4D6-4B00-49EA-8DF7-40396BFD8757}.Debug|x86.Build.0 = Debug|Any CPU
		{7646E4D6-4B00-49EA-8DF7-40396BFD8757}.Release|Any CPU.ActiveCfg = Release|Any CPU
		{7646E4D6-4B00-49EA-8DF7-40396BFD8757}.Release|Any CPU.Build.0 = Release|Any CPU
		{7646E4D6-4B00-49EA-8DF7-40396BFD8757}.Release|x64.ActiveCfg = Release|Any CPU
		{7646E4D6-4B00-49EA-8DF7-40396BFD8757}.Release|x64.Build.0 = Release|Any CPU
		{7646E4D6-4B00-49EA-8DF7-40396BFD8757}.Release|x86.ActiveCfg = Release|Any CPU
		{7646E4D6-4B00-49EA-8DF7-40396BFD8757}.Release|x86.Build.0 = Release|Any CPU
		{7B97AFB1-8616-4501-8CCE-A5B1055399A3}.Debug|Any CPU.ActiveCfg = Debug|Any CPU
		{7B97AFB1-8616-4501-8CCE-A5B1055399A3}.Debug|Any CPU.Build.0 = Debug|Any CPU
		{7B97AFB1-8616-4501-8CCE-A5B1055399A3}.Debug|x64.ActiveCfg = Debug|Any CPU
		{7B97AFB1-8616-4501-8CCE-A5B1055399A3}.Debug|x64.Build.0 = Debug|Any CPU
		{7B97AFB1-8616-4501-8CCE-A5B1055399A3}.Debug|x86.ActiveCfg = Debug|Any CPU
		{7B97AFB1-8616-4501-8CCE-A5B1055399A3}.Debug|x86.Build.0 = Debug|Any CPU
		{7B97AFB1-8616-4501-8CCE-A5B1055399A3}.Release|Any CPU.ActiveCfg = Release|Any CPU
		{7B97AFB1-8616-4501-8CCE-A5B1055399A3}.Release|Any CPU.Build.0 = Release|Any CPU
		{7B97AFB1-8616-4501-8CCE-A5B1055399A3}.Release|x64.ActiveCfg = Release|Any CPU
		{7B97AFB1-8616-4501-8CCE-A5B1055399A3}.Release|x64.Build.0 = Release|Any CPU
		{7B97AFB1-8616-4501-8CCE-A5B1055399A3}.Release|x86.ActiveCfg = Release|Any CPU
		{7B97AFB1-8616-4501-8CCE-A5B1055399A3}.Release|x86.Build.0 = Release|Any CPU
		{F48292EE-6E0F-452E-B546-04F7DA2C512D}.Debug|Any CPU.ActiveCfg = Debug|Any CPU
		{F48292EE-6E0F-452E-B546-04F7DA2C512D}.Debug|Any CPU.Build.0 = Debug|Any CPU
		{F48292EE-6E0F-452E-B546-04F7DA2C512D}.Debug|x64.ActiveCfg = Debug|Any CPU
		{F48292EE-6E0F-452E-B546-04F7DA2C512D}.Debug|x64.Build.0 = Debug|Any CPU
		{F48292EE-6E0F-452E-B546-04F7DA2C512D}.Debug|x86.ActiveCfg = Debug|Any CPU
		{F48292EE-6E0F-452E-B546-04F7DA2C512D}.Debug|x86.Build.0 = Debug|Any CPU
		{F48292EE-6E0F-452E-B546-04F7DA2C512D}.Release|Any CPU.ActiveCfg = Release|Any CPU
		{F48292EE-6E0F-452E-B546-04F7DA2C512D}.Release|Any CPU.Build.0 = Release|Any CPU
		{F48292EE-6E0F-452E-B546-04F7DA2C512D}.Release|x64.ActiveCfg = Release|Any CPU
		{F48292EE-6E0F-452E-B546-04F7DA2C512D}.Release|x64.Build.0 = Release|Any CPU
		{F48292EE-6E0F-452E-B546-04F7DA2C512D}.Release|x86.ActiveCfg = Release|Any CPU
		{F48292EE-6E0F-452E-B546-04F7DA2C512D}.Release|x86.Build.0 = Release|Any CPU
	EndGlobalSection
	GlobalSection(NestedProjects) = preSolution
		{80CEF767-F67B-4A02-B01D-ACE29312B98F} = {F0C8EE01-F3FB-40FB-B36B-E343DD0E26BB}
		{9DA31544-6C65-4930-922C-33AD3A73B034} = {F0C8EE01-F3FB-40FB-B36B-E343DD0E26BB}
		{78A52A9F-3E77-4D7D-A536-AAF1E7FABD41} = {F0C8EE01-F3FB-40FB-B36B-E343DD0E26BB}
		{7646E4D6-4B00-49EA-8DF7-40396BFD8757} = {F0C8EE01-F3FB-40FB-B36B-E343DD0E26BB}
		{7B97AFB1-8616-4501-8CCE-A5B1055399A3} = {82A12710-94BF-477C-BFAE-1B93B997F9E9}
		{F48292EE-6E0F-452E-B546-04F7DA2C512D} = {82A12710-94BF-477C-BFAE-1B93B997F9E9}
	EndGlobalSection
EndGlobal
